
Microsoft Visual Studio Solution File, Format Version 12.00
# Visual Studio Version 17
VisualStudioVersion = 17.5.002.0
MinimumVisualStudioVersion = 10.0.40219.1
Project("{9A19103F-16F7-4668-BE54-9A1E7A4F7556}") = "crc-be-azure-csharp", "crc-be-azure-csharp.csproj", "{FCB2F21E-9F1B-412A-94BA-5EF473A00154}"
EndProject
Global
	GlobalSection(SolutionConfigurationPlatforms) = preSolution
		Debug|Any CPU = Debug|Any CPU
		Release|Any CPU = Release|Any CPU
	EndGlobalSection
	GlobalSection(ProjectConfigurationPlatforms) = postSolution
		{FCB2F21E-9F1B-412A-94BA-5EF473A00154}.Debug|Any CPU.ActiveCfg = Debug|Any CPU
		{FCB2F21E-9F1B-412A-94BA-5EF473A00154}.Debug|Any CPU.Build.0 = Debug|Any CPU
		{FCB2F21E-9F1B-412A-94BA-5EF473A00154}.Release|Any CPU.ActiveCfg = Release|Any CPU
		{FCB2F21E-9F1B-412A-94BA-5EF473A00154}.Release|Any CPU.Build.0 = Release|Any CPU
	EndGlobalSection
	GlobalSection(SolutionProperties) = preSolution
		HideSolutionNode = FALSE
	EndGlobalSection
	GlobalSection(ExtensibilityGlobals) = postSolution
		SolutionGuid = {3A164411-B795-4A0F-9C3E-3DABD19CBD89}
	EndGlobalSection
EndGlobal
